
Microsoft Visual Studio Solution File, Format Version 12.00
# Visual Studio 15
VisualStudioVersion = 15.0.27004.2005
MinimumVisualStudioVersion = 10.0.40219.1
Project("{FAE04EC0-301F-11D3-BF4B-00C04F79EFBC}") = "TextAnalysis", "TextAnalysis\TextAnalysis.csproj", "{0A3A9956-D00A-409A-BFEF-477112E543A6}"
EndProject
Global
	GlobalSection(SolutionConfigurationPlatforms) = preSolution
		Debug|Any CPU = Debug|Any CPU
		Release|Any CPU = Release|Any CPU
	EndGlobalSection
	GlobalSection(ProjectConfigurationPlatforms) = postSolution
		{0A3A9956-D00A-409A-BFEF-477112E543A6}.Debug|Any CPU.ActiveCfg = Debug|Any CPU
		{0A3A9956-D00A-409A-BFEF-477112E543A6}.Debug|Any CPU.Build.0 = Debug|Any CPU
		{0A3A9956-D00A-409A-BFEF-477112E543A6}.Release|Any CPU.ActiveCfg = Release|Any CPU
		{0A3A9956-D00A-409A-BFEF-477112E543A6}.Release|Any CPU.Build.0 = Release|Any CPU
	EndGlobalSection
	GlobalSection(SolutionProperties) = preSolution
		HideSolutionNode = FALSE
	EndGlobalSection
	GlobalSection(ExtensibilityGlobals) = postSolution
		SolutionGuid = {5168EFFE-2621-4B18-84A7-C34FDBDAD7BE}
	EndGlobalSection
EndGlobal
